
Microsoft Visual Studio Solution File, Format Version 12.00
# Visual Studio Version 17
VisualStudioVersion = 17.0.32126.317
MinimumVisualStudioVersion = 10.0.40219.1
Project("{9A19103F-16F7-4668-BE54-9A1E7A4F7556}") = "TangyWeb_Server", "TangyWeb_Server\TangyWeb_Server.csproj", "{3AEE23B9-0E38-4555-AACF-93392A737535}"
EndProject
Project("{2150E333-8FDC-42A3-9474-1A3956D46DE8}") = "Solution Items", "Solution Items", "{20F6659F-84D0-40DE-A514-1A7EC13D6FCD}"
	ProjectSection(SolutionItems) = preProject
		notes.txt = notes.txt
	EndProjectSection
EndProject
Project("{9A19103F-16F7-4668-BE54-9A1E7A4F7556}") = "TangyWeb_Client", "TangyWeb_Client\TangyWeb_Client.csproj", "{05F493AD-1C5F-4821-8EC9-65A79C598B5A}"
EndProject
Project("{FAE04EC0-301F-11D3-BF4B-00C04F79EFBC}") = "Tangy_Models", "Tangy_Models\Tangy_Models.csproj", "{527AE919-C556-44B6-9030-6638EB77CFAC}"
EndProject
Global
	GlobalSection(SolutionConfigurationPlatforms) = preSolution
		Debug|Any CPU = Debug|Any CPU
		Release|Any CPU = Release|Any CPU
	EndGlobalSection
	GlobalSection(ProjectConfigurationPlatforms) = postSolution
		{3AEE23B9-0E38-4555-AACF-93392A737535}.Debug|Any CPU.ActiveCfg = Debug|Any CPU
		{3AEE23B9-0E38-4555-AACF-93392A737535}.Debug|Any CPU.Build.0 = Debug|Any CPU
		{3AEE23B9-0E38-4555-AACF-93392A737535}.Release|Any CPU.ActiveCfg = Release|Any CPU
		{3AEE23B9-0E38-4555-AACF-93392A737535}.Release|Any CPU.Build.0 = Release|Any CPU
		{05F493AD-1C5F-4821-8EC9-65A79C598B5A}.Debug|Any CPU.ActiveCfg = Debug|Any CPU
		{05F493AD-1C5F-4821-8EC9-65A79C598B5A}.Debug|Any CPU.Build.0 = Debug|Any CPU
		{05F493AD-1C5F-4821-8EC9-65A79C598B5A}.Release|Any CPU.ActiveCfg = Release|Any CPU
		{05F493AD-1C5F-4821-8EC9-65A79C598B5A}.Release|Any CPU.Build.0 = Release|Any CPU
		{527AE919-C556-44B6-9030-6638EB77CFAC}.Debug|Any CPU.ActiveCfg = Debug|Any CPU
		{527AE919-C556-44B6-9030-6638EB77CFAC}.Debug|Any CPU.Build.0 = Debug|Any CPU
		{527AE919-C556-44B6-9030-6638EB77CFAC}.Release|Any CPU.ActiveCfg = Release|Any CPU
		{527AE919-C556-44B6-9030-6638EB77CFAC}.Release|Any CPU.Build.0 = Release|Any CPU
	EndGlobalSection
	GlobalSection(SolutionProperties) = preSolution
		HideSolutionNode = FALSE
	EndGlobalSection
	GlobalSection(ExtensibilityGlobals) = postSolution
		SolutionGuid = {60090CFA-BD63-4CEE-8C63-78892A9FD39E}
	EndGlobalSection
EndGlobal
